
Microsoft Visual Studio Solution File, Format Version 12.00
# Visual Studio Version 17
VisualStudioVersion = 17.11.35312.102
MinimumVisualStudioVersion = 10.0.40219.1
Project("{9A19103F-16F7-4668-BE54-9A1E7A4F7556}") = "LabWork7", "LabWork7\LabWork7.csproj", "{C759CF62-8E3A-4D2C-BC55-E70781E07EDD}"
EndProject
Project("{9A19103F-16F7-4668-BE54-9A1E7A4F7556}") = "LabWork7.Desktop", "LabWork7.Desktop\LabWork7.Desktop.csproj", "{D915E373-ECF9-4BFE-AA5B-D4F6CEFF9290}"
EndProject
Global
	GlobalSection(SolutionConfigurationPlatforms) = preSolution
		Debug|Any CPU = Debug|Any CPU
		Release|Any CPU = Release|Any CPU
	EndGlobalSection
	GlobalSection(ProjectConfigurationPlatforms) = postSolution
		{C759CF62-8E3A-4D2C-BC55-E70781E07EDD}.Debug|Any CPU.ActiveCfg = Debug|Any CPU
		{C759CF62-8E3A-4D2C-BC55-E70781E07EDD}.Debug|Any CPU.Build.0 = Debug|Any CPU
		{C759CF62-8E3A-4D2C-BC55-E70781E07EDD}.Release|Any CPU.ActiveCfg = Release|Any CPU
		{C759CF62-8E3A-4D2C-BC55-E70781E07EDD}.Release|Any CPU.Build.0 = Release|Any CPU
		{D915E373-ECF9-4BFE-AA5B-D4F6CEFF9290}.Debug|Any CPU.ActiveCfg = Debug|Any CPU
		{D915E373-ECF9-4BFE-AA5B-D4F6CEFF9290}.Debug|Any CPU.Build.0 = Debug|Any CPU
		{D915E373-ECF9-4BFE-AA5B-D4F6CEFF9290}.Release|Any CPU.ActiveCfg = Release|Any CPU
		{D915E373-ECF9-4BFE-AA5B-D4F6CEFF9290}.Release|Any CPU.Build.0 = Release|Any CPU
	EndGlobalSection
	GlobalSection(SolutionProperties) = preSolution
		HideSolutionNode = FALSE
	EndGlobalSection
	GlobalSection(ExtensibilityGlobals) = postSolution
		SolutionGuid = {98F30A49-4FB8-43BE-BA3A-EF60309AB03A}
	EndGlobalSection
EndGlobal
